
Microsoft Visual Studio Solution File, Format Version 12.00
# Visual Studio Version 17
VisualStudioVersion = 17.4.33213.308
MinimumVisualStudioVersion = 10.0.40219.1
Project("{9A19103F-16F7-4668-BE54-9A1E7A4F7556}") = "CourierManagementSystem", "CourierManagementSystem\CourierManagementSystem.csproj", "{BA46069A-0912-432A-A374-41F3ABF9540A}"
EndProject
Project("{9A19103F-16F7-4668-BE54-9A1E7A4F7556}") = "DAL", "DAL\DAL.csproj", "{61045602-46DD-4521-A56F-0C16CA1D540B}"
EndProject
Project("{9A19103F-16F7-4668-BE54-9A1E7A4F7556}") = "BLL", "BLL\BLL.csproj", "{5B6212A3-DD47-4C2A-8F74-BBF462FAF636}"
EndProject
Project("{FAE04EC0-301F-11D3-BF4B-00C04F79EFBC}") = "Models", "Models\Models.csproj", "{3B1139D2-B5F7-49C0-8D1A-F63B0B9B5AB7}"
EndProject
Global
	GlobalSection(SolutionConfigurationPlatforms) = preSolution
		Debug|Any CPU = Debug|Any CPU
		Release|Any CPU = Release|Any CPU
	EndGlobalSection
	GlobalSection(ProjectConfigurationPlatforms) = postSolution
		{BA46069A-0912-432A-A374-41F3ABF9540A}.Debug|Any CPU.ActiveCfg = Debug|Any CPU
		{BA46069A-0912-432A-A374-41F3ABF9540A}.Debug|Any CPU.Build.0 = Debug|Any CPU
		{BA46069A-0912-432A-A374-41F3ABF9540A}.Release|Any CPU.ActiveCfg = Release|Any CPU
		{BA46069A-0912-432A-A374-41F3ABF9540A}.Release|Any CPU.Build.0 = Release|Any CPU
		{61045602-46DD-4521-A56F-0C16CA1D540B}.Debug|Any CPU.ActiveCfg = Debug|Any CPU
		{61045602-46DD-4521-A56F-0C16CA1D540B}.Debug|Any CPU.Build.0 = Debug|Any CPU
		{61045602-46DD-4521-A56F-0C16CA1D540B}.Release|Any CPU.ActiveCfg = Release|Any CPU
		{61045602-46DD-4521-A56F-0C16CA1D540B}.Release|Any CPU.Build.0 = Release|Any CPU
		{5B6212A3-DD47-4C2A-8F74-BBF462FAF636}.Debug|Any CPU.ActiveCfg = Debug|Any CPU
		{5B6212A3-DD47-4C2A-8F74-BBF462FAF636}.Debug|Any CPU.Build.0 = Debug|Any CPU
		{5B6212A3-DD47-4C2A-8F74-BBF462FAF636}.Release|Any CPU.ActiveCfg = Release|Any CPU
		{5B6212A3-DD47-4C2A-8F74-BBF462FAF636}.Release|Any CPU.Build.0 = Release|Any CPU
		{3B1139D2-B5F7-49C0-8D1A-F63B0B9B5AB7}.Debug|Any CPU.ActiveCfg = Debug|Any CPU
		{3B1139D2-B5F7-49C0-8D1A-F63B0B9B5AB7}.Debug|Any CPU.Build.0 = Debug|Any CPU
		{3B1139D2-B5F7-49C0-8D1A-F63B0B9B5AB7}.Release|Any CPU.ActiveCfg = Release|Any CPU
		{3B1139D2-B5F7-49C0-8D1A-F63B0B9B5AB7}.Release|Any CPU.Build.0 = Release|Any CPU
	EndGlobalSection
	GlobalSection(SolutionProperties) = preSolution
		HideSolutionNode = FALSE
	EndGlobalSection
	GlobalSection(ExtensibilityGlobals) = postSolution
		SolutionGuid = {C6E6CFF7-6908-4562-BA65-611EBBFED05F}
	EndGlobalSection
EndGlobal
